PODS:
  - FBSnapshotTestCase (2.1.4):
    - FBSnapshotTestCase/SwiftSupport (= 2.1.4)
  - FBSnapshotTestCase/Core (2.1.4)
  - FBSnapshotTestCase/SwiftSupport (2.1.4):
    - FBSnapshotTestCase/Core
  - WPChained (0.1.2)

DEPENDENCIES:
  - FBSnapshotTestCase
  - WPChained (from `../`)

SPEC REPOS:
  https://github.com/CocoaPods/Specs.git:
    - FBSnapshotTestCase

EXTERNAL SOURCES:
  WPChained:
    :path: "../"

SPEC CHECKSUMS:
  FBSnapshotTestCase: 094f9f314decbabe373b87cc339bea235a63e07a
  WPChained: 354502cdfaf040ae05dd41b115c9169da90967cf

PODFILE CHECKSUM: 9b129676c0c9b4d6f0c1c4ecbdcbc75dee6d1b6e

COCOAPODS: 1.8.4
